
Microsoft Visual Studio Solution File, Format Version 12.00
# Visual Studio Version 17
VisualStudioVersion = 17.0.31919.166
MinimumVisualStudioVersion = 10.0.40219.1
Project("{8BC9CEB8-8B4A-11D0-8D11-00A0C91BC942}") = "ConsoleApplication", "ConsoleApplication\ConsoleApplication.vcxproj", "{B6E38B43-0816-4802-8DEC-8C22DC54EB88}"
EndProject
Project("{2150E333-8FDC-42A3-9474-1A3956D46DE8}") = "Solution items", "Solution items", "{ECCE2ED1-A78D-45C6-AA24-E45A073307F0}"
	ProjectSection(SolutionItems) = preProject
		README.md = README.md
	EndProjectSection
EndProject
Project("{FAE04EC0-301F-11D3-BF4B-00C04F79EFBC}") = "WebApplicationFramework48", "WebApplicationFramework48\WebApplicationFramework48.csproj", "{E95B386A-78FA-4B00-BA8E-77C54DE5F318}"
EndProject
Project("{9A19103F-16F7-4668-BE54-9A1E7A4F7556}") = "WebApplicationNETCore31", "WebApplicationNETCore31\WebApplicationNETCore31.csproj", "{4B908AA7-8644-42DC-988E-36896E5FAB07}"
EndProject
Project("{9A19103F-16F7-4668-BE54-9A1E7A4F7556}") = "WpfAppNET6", "WpfAppNET6\WpfAppNET6.csproj", "{D3E7354B-A1DF-45F5-88AF-0214F404A73F}"
EndProject
Project("{9A19103F-16F7-4668-BE54-9A1E7A4F7556}") = "WinFormsAppNET6", "WinFormsAppNET6\WinFormsAppNET6.csproj", "{ECB48C07-4C1E-4BB0-AE09-CD0078E8711C}"
EndProject
Project("{FAE04EC0-301F-11D3-BF4B-00C04F79EFBC}") = "WpfApplicationFramework48", "WpfApplicationFramework48\WpfApplicationFramework48.csproj", "{82D9599A-3E9E-4747-82EC-5DDA0C5308C1}"
EndProject
Project("{FAE04EC0-301F-11D3-BF4B-00C04F79EFBC}") = "WindowsFormsAppFramework472", "WindowsFormsAppFramework472\WindowsFormsAppFramework472.csproj", "{1F9C93A1-C35E-40BA-B2B8-FA245B172000}"
EndProject
Project("{D954291E-2A0B-460D-934E-DC6B0785DB48}") = "SharedProject", "SharedProject1\SharedProject.shproj", "{10F5C64A-A18E-4A1E-8210-89295793465E}"
EndProject
Project("{FAE04EC0-301F-11D3-BF4B-00C04F79EFBC}") = "UWPApp", "App1\UWPApp.csproj", "{B89B1EB7-B734-4081-8AF0-5C8248207DC3}"
EndProject
Project("{9A19103F-16F7-4668-BE54-9A1E7A4F7556}") = "ASP.NETCoreWebApplicationNET6", "ASP.NETCoreWebApplicationNET6\ASP.NETCoreWebApplicationNET6.csproj", "{7344711A-E5D8-41DE-BBC4-3B2B2F7479E2}"
EndProject
Project("{2150E333-8FDC-42A3-9474-1A3956D46DE8}") = "ASP.NET", "ASP.NET", "{4118A9E0-E66B-4E31-AE09-62B61F713F4A}"
EndProject
Project("{2150E333-8FDC-42A3-9474-1A3956D46DE8}") = "ASP.NET Core", "ASP.NET Core", "{639CC497-621B-428A-BE47-76D4D3AEB1A0}"
EndProject
Project("{2150E333-8FDC-42A3-9474-1A3956D46DE8}") = "Desktop", "Desktop", "{DA97E3A6-B757-44FB-B9B4-DECE12F2696C}"
EndProject
Project("{2150E333-8FDC-42A3-9474-1A3956D46DE8}") = "Xamarin", "Xamarin", "{E9164E03-D333-4612-8476-E4F1F94D9D8E}"
EndProject
Project("{2150E333-8FDC-42A3-9474-1A3956D46DE8}") = "Console apps and libs", "Console apps and libs", "{E123B9A2-84AA-4D84-9CF9-3F93ECE42FCB}"
EndProject
Project("{9A19103F-16F7-4668-BE54-9A1E7A4F7556}") = "ASP.NETCoreWebApplicationNET5", "ASP.NETCoreWebApplicationNET5\ASP.NETCoreWebApplicationNET5.csproj", "{C507590F-2F43-4EA1-9EDB-8E57F0ED2E55}"
EndProject
Project("{9A19103F-16F7-4668-BE54-9A1E7A4F7556}") = "ClassLibraryNETStandard21", "ClassLibraryNETStandard21\ClassLibraryNETStandard21.csproj", "{418A5EBA-6AED-44DD-82BC-74A98D931C49}"
EndProject
Project("{9A19103F-16F7-4668-BE54-9A1E7A4F7556}") = "ConsoleAppNET6", "ConsoleAppNET6\ConsoleAppNET6.csproj", "{9BBF9F1D-3A9A-4149-9AF4-3067BC6F597D}"
EndProject
Project("{6EC3EE1D-3C4E-46DD-8F32-0CC8E7565705}") = "ConsoleAppNET5", "ConsoleAppNET5\ConsoleAppNET5.fsproj", "{513411DD-1D87-48C1-A129-FA36BD8BC676}"
EndProject
Project("{F184B08F-C81C-45F6-A57F-5ABD9991F28F}") = "ConsoleAppNETCore31", "ConsoleAppNETCore31\ConsoleAppNETCore31.vbproj", "{9778FC9C-4DA1-4398-8226-B9C602BEB2C0}"
EndProject
Project("{FAE04EC0-301F-11D3-BF4B-00C04F79EFBC}") = "AppXamarin", "AppXamarin\AppXamarin.csproj", "{EEE12C74-D77F-44E4-9AE0-445307D47ED7}"
EndProject
Project("{FAE04EC0-301F-11D3-BF4B-00C04F79EFBC}") = "AppXamarin.Android", "AppXamarin.Android\AppXamarin.Android.csproj", "{3F2DC12E-F93F-41FE-90CA-722F1A1E4BEB}"
EndProject
Project("{FAE04EC0-301F-11D3-BF4B-00C04F79EFBC}") = "AppXamarin.iOS", "AppXamarin.iOS\AppXamarin.iOS.csproj", "{A190245C-68DE-4E20-8974-74D107D38B0B}"
EndProject
Project("{FAE04EC0-301F-11D3-BF4B-00C04F79EFBC}") = "XamarinFormsLibrary", "XamarinFormsLibrary1\XamarinFormsLibrary.csproj", "{A79647BA-FDC0-4BF8-A38D-B81EC4D11234}"
EndProject
Project("{FAE04EC0-301F-11D3-BF4B-00C04F79EFBC}") = "AspNetService", "AspNetService\AspNetService\AspNetService.csproj", "{9747EAF3-ED40-4551-8C2F-5A8566F5627C}"
EndProject
Project("{FAE04EC0-301F-11D3-BF4B-00C04F79EFBC}") = "WebApplicationFramework472", "WebApplicationFramework472\WebApplicationFramework472.csproj", "{919BA29E-324A-415A-B946-10EDD06E725F}"
EndProject
Global
	GlobalSection(SharedMSBuildProjectFiles) = preSolution
		SharedProject1\SharedProject1.projitems*{10f5c64a-a18e-4a1e-8210-89295793465e}*SharedItemsImports = 13
		SharedProject1\SharedProject1.projitems*{d0a174ae-a8d2-48cf-ae85-2d59e2f1bad1}*SharedItemsImports = 4
	EndGlobalSection
	GlobalSection(SolutionConfigurationPlatforms) = preSolution
		Debug|Any CPU = Debug|Any CPU
		Debug|ARM = Debug|ARM
		Debug|ARM64 = Debug|ARM64
		Debug|x64 = Debug|x64
		Debug|x86 = Debug|x86
		Release|Any CPU = Release|Any CPU
		Release|ARM = Release|ARM
		Release|ARM64 = Release|ARM64
		Release|x64 = Release|x64
		Release|x86 = Release|x86
	EndGlobalSection
	GlobalSection(ProjectConfigurationPlatforms) = postSolution
		{B6E38B43-0816-4802-8DEC-8C22DC54EB88}.Debug|Any CPU.ActiveCfg = Debug|Win32
		{B6E38B43-0816-4802-8DEC-8C22DC54EB88}.Debug|Any CPU.Build.0 = Debug|Win32
		{B6E38B43-0816-4802-8DEC-8C22DC54EB88}.Debug|ARM.ActiveCfg = Debug|x64
		{B6E38B43-0816-4802-8DEC-8C22DC54EB88}.Debug|ARM.Build.0 = Debug|x64
		{B6E38B43-0816-4802-8DEC-8C22DC54EB88}.Debug|ARM64.ActiveCfg = Debug|x64
		{B6E38B43-0816-4802-8DEC-8C22DC54EB88}.Debug|ARM64.Build.0 = Debug|x64
		{B6E38B43-0816-4802-8DEC-8C22DC54EB88}.Debug|x64.ActiveCfg = Debug|x64
		{B6E38B43-0816-4802-8DEC-8C22DC54EB88}.Debug|x64.Build.0 = Debug|x64
		{B6E38B43-0816-4802-8DEC-8C22DC54EB88}.Debug|x86.ActiveCfg = Debug|Win32
		{B6E38B43-0816-4802-8DEC-8C22DC54EB88}.Debug|x86.Build.0 = Debug|Win32
		{B6E38B43-0816-4802-8DEC-8C22DC54EB88}.Release|Any CPU.ActiveCfg = Release|Win32
		{B6E38B43-0816-4802-8DEC-8C22DC54EB88}.Release|Any CPU.Build.0 = Release|Win32
		{B6E38B43-0816-4802-8DEC-8C22DC54EB88}.Release|ARM.ActiveCfg = Release|x64
		{B6E38B43-0816-4802-8DEC-8C22DC54EB88}.Release|ARM.Build.0 = Release|x64
		{B6E38B43-0816-4802-8DEC-8C22DC54EB88}.Release|ARM64.ActiveCfg = Release|x64
		{B6E38B43-0816-4802-8DEC-8C22DC54EB88}.Release|ARM64.Build.0 = Release|x64
		{B6E38B43-0816-4802-8DEC-8C22DC54EB88}.Release|x64.ActiveCfg = Release|x64
		{B6E38B43-0816-4802-8DEC-8C22DC54EB88}.Release|x64.Build.0 = Release|x64
		{B6E38B43-0816-4802-8DEC-8C22DC54EB88}.Release|x86.ActiveCfg = Release|Win32
		{B6E38B43-0816-4802-8DEC-8C22DC54EB88}.Release|x86.Build.0 = Release|Win32
		{E95B386A-78FA-4B00-BA8E-77C54DE5F318}.Debug|Any CPU.ActiveCfg = Debug|Any CPU
		{E95B386A-78FA-4B00-BA8E-77C54DE5F318}.Debug|Any CPU.Build.0 = Debug|Any CPU
		{E95B386A-78FA-4B00-BA8E-77C54DE5F318}.Debug|ARM.ActiveCfg = Debug|Any CPU
		{E95B386A-78FA-4B00-BA8E-77C54DE5F318}.Debug|ARM.Build.0 = Debug|Any CPU
		{E95B386A-78FA-4B00-BA8E-77C54DE5F318}.Debug|ARM64.ActiveCfg = Debug|Any CPU
		{E95B386A-78FA-4B00-BA8E-77C54DE5F318}.Debug|ARM64.Build.0 = Debug|Any CPU
		{E95B386A-78FA-4B00-BA8E-77C54DE5F318}.Debug|x64.ActiveCfg = Debug|Any CPU
		{E95B386A-78FA-4B00-BA8E-77C54DE5F318}.Debug|x64.Build.0 = Debug|Any CPU
		{E95B386A-78FA-4B00-BA8E-77C54DE5F318}.Debug|x86.ActiveCfg = Debug|Any CPU
		{E95B386A-78FA-4B00-BA8E-77C54DE5F318}.Debug|x86.Build.0 = Debug|Any CPU
		{E95B386A-78FA-4B00-BA8E-77C54DE5F318}.Release|Any CPU.ActiveCfg = Release|Any CPU
		{E95B386A-78FA-4B00-BA8E-77C54DE5F318}.Release|Any CPU.Build.0 = Release|Any CPU
		{E95B386A-78FA-4B00-BA8E-77C54DE5F318}.Release|ARM.ActiveCfg = Release|Any CPU
		{E95B386A-78FA-4B00-BA8E-77C54DE5F318}.Release|ARM.Build.0 = Release|Any CPU
		{E95B386A-78FA-4B00-BA8E-77C54DE5F318}.Release|ARM64.ActiveCfg = Release|Any CPU
		{E95B386A-78FA-4B00-BA8E-77C54DE5F318}.Release|ARM64.Build.0 = Release|Any CPU
		{E95B386A-78FA-4B00-BA8E-77C54DE5F318}.Release|x64.ActiveCfg = Release|Any CPU
		{E95B386A-78FA-4B00-BA8E-77C54DE5F318}.Release|x64.Build.0 = Release|Any CPU
		{E95B386A-78FA-4B00-BA8E-77C54DE5F318}.Release|x86.ActiveCfg = Release|Any CPU
		{E95B386A-78FA-4B00-BA8E-77C54DE5F318}.Release|x86.Build.0 = Release|Any CPU
		{4B908AA7-8644-42DC-988E-36896E5FAB07}.Debug|Any CPU.ActiveCfg = Debug|Any CPU
		{4B908AA7-8644-42DC-988E-36896E5FAB07}.Debug|Any CPU.Build.0 = Debug|Any CPU
		{4B908AA7-8644-42DC-988E-36896E5FAB07}.Debug|ARM.ActiveCfg = Debug|Any CPU
		{4B908AA7-8644-42DC-988E-36896E5FAB07}.Debug|ARM.Build.0 = Debug|Any CPU
		{4B908AA7-8644-42DC-988E-36896E5FAB07}.Debug|ARM64.ActiveCfg = Debug|Any CPU
		{4B908AA7-8644-42DC-988E-36896E5FAB07}.Debug|ARM64.Build.0 = Debug|Any CPU
		{4B908AA7-8644-42DC-988E-36896E5FAB07}.Debug|x64.ActiveCfg = Debug|Any CPU
		{4B908AA7-8644-42DC-988E-36896E5FAB07}.Debug|x64.Build.0 = Debug|Any CPU
		{4B908AA7-8644-42DC-988E-36896E5FAB07}.Debug|x86.ActiveCfg = Debug|Any CPU
		{4B908AA7-8644-42DC-988E-36896E5FAB07}.Debug|x86.Build.0 = Debug|Any CPU
		{4B908AA7-8644-42DC-988E-36896E5FAB07}.Release|Any CPU.ActiveCfg = Release|Any CPU
		{4B908AA7-8644-42DC-988E-36896E5FAB07}.Release|Any CPU.Build.0 = Release|Any CPU
		{4B908AA7-8644-42DC-988E-36896E5FAB07}.Release|ARM.ActiveCfg = Release|Any CPU
		{4B908AA7-8644-42DC-988E-36896E5FAB07}.Release|ARM.Build.0 = Release|Any CPU
		{4B908AA7-8644-42DC-988E-36896E5FAB07}.Release|ARM64.ActiveCfg = Release|Any CPU
		{4B908AA7-8644-42DC-988E-36896E5FAB07}.Release|ARM64.Build.0 = Release|Any CPU
		{4B908AA7-8644-42DC-988E-36896E5FAB07}.Release|x64.ActiveCfg = Release|Any CPU
		{4B908AA7-8644-42DC-988E-36896E5FAB07}.Release|x64.Build.0 = Release|Any CPU
		{4B908AA7-8644-42DC-988E-36896E5FAB07}.Release|x86.ActiveCfg = Release|Any CPU
		{4B908AA7-8644-42DC-988E-36896E5FAB07}.Release|x86.Build.0 = Release|Any CPU
		{D3E7354B-A1DF-45F5-88AF-0214F404A73F}.Debug|Any CPU.ActiveCfg = Debug|Any CPU
		{D3E7354B-A1DF-45F5-88AF-0214F404A73F}.Debug|Any CPU.Build.0 = Debug|Any CPU
		{D3E7354B-A1DF-45F5-88AF-0214F404A73F}.Debug|ARM.ActiveCfg = Debug|Any CPU
		{D3E7354B-A1DF-45F5-88AF-0214F404A73F}.Debug|ARM.Build.0 = Debug|Any CPU
		{D3E7354B-A1DF-45F5-88AF-0214F404A73F}.Debug|ARM64.ActiveCfg = Debug|Any CPU
		{D3E7354B-A1DF-45F5-88AF-0214F404A73F}.Debug|ARM64.Build.0 = Debug|Any CPU
		{D3E7354B-A1DF-45F5-88AF-0214F404A73F}.Debug|x64.ActiveCfg = Debug|Any CPU
		{D3E7354B-A1DF-45F5-88AF-0214F404A73F}.Debug|x64.Build.0 = Debug|Any CPU
		{D3E7354B-A1DF-45F5-88AF-0214F404A73F}.Debug|x86.ActiveCfg = Debug|Any CPU
		{D3E7354B-A1DF-45F5-88AF-0214F404A73F}.Debug|x86.Build.0 = Debug|Any CPU
		{D3E7354B-A1DF-45F5-88AF-0214F404A73F}.Release|Any CPU.ActiveCfg = Release|Any CPU
		{D3E7354B-A1DF-45F5-88AF-0214F404A73F}.Release|Any CPU.Build.0 = Release|Any CPU
		{D3E7354B-A1DF-45F5-88AF-0214F404A73F}.Release|ARM.ActiveCfg = Release|Any CPU
		{D3E7354B-A1DF-45F5-88AF-0214F404A73F}.Release|ARM.Build.0 = Release|Any CPU
		{D3E7354B-A1DF-45F5-88AF-0214F404A73F}.Release|ARM64.ActiveCfg = Release|Any CPU
		{D3E7354B-A1DF-45F5-88AF-0214F404A73F}.Release|ARM64.Build.0 = Release|Any CPU
		{D3E7354B-A1DF-45F5-88AF-0214F404A73F}.Release|x64.ActiveCfg = Release|Any CPU
		{D3E7354B-A1DF-45F5-88AF-0214F404A73F}.Release|x64.Build.0 = Release|Any CPU
		{D3E7354B-A1DF-45F5-88AF-0214F404A73F}.Release|x86.ActiveCfg = Release|Any CPU
		{D3E7354B-A1DF-45F5-88AF-0214F404A73F}.Release|x86.Build.0 = Release|Any CPU
		{ECB48C07-4C1E-4BB0-AE09-CD0078E8711C}.Debug|Any CPU.ActiveCfg = Debug|Any CPU
		{ECB48C07-4C1E-4BB0-AE09-CD0078E8711C}.Debug|Any CPU.Build.0 = Debug|Any CPU
		{ECB48C07-4C1E-4BB0-AE09-CD0078E8711C}.Debug|ARM.ActiveCfg = Debug|Any CPU
		{ECB48C07-4C1E-4BB0-AE09-CD0078E8711C}.Debug|ARM.Build.0 = Debug|Any CPU
		{ECB48C07-4C1E-4BB0-AE09-CD0078E8711C}.Debug|ARM64.ActiveCfg = Debug|Any CPU
		{ECB48C07-4C1E-4BB0-AE09-CD0078E8711C}.Debug|ARM64.Build.0 = Debug|Any CPU
		{ECB48C07-4C1E-4BB0-AE09-CD0078E8711C}.Debug|x64.ActiveCfg = Debug|Any CPU
		{ECB48C07-4C1E-4BB0-AE09-CD0078E8711C}.Debug|x64.Build.0 = Debug|Any CPU
		{ECB48C07-4C1E-4BB0-AE09-CD0078E8711C}.Debug|x86.ActiveCfg = Debug|Any CPU
		{ECB48C07-4C1E-4BB0-AE09-CD0078E8711C}.Debug|x86.Build.0 = Debug|Any CPU
		{ECB48C07-4C1E-4BB0-AE09-CD0078E8711C}.Release|Any CPU.ActiveCfg = Release|Any CPU
		{ECB48C07-4C1E-4BB0-AE09-CD0078E8711C}.Release|Any CPU.Build.0 = Release|Any CPU
		{ECB48C07-4C1E-4BB0-AE09-CD0078E8711C}.Release|ARM.ActiveCfg = Release|Any CPU
		{ECB48C07-4C1E-4BB0-AE09-CD0078E8711C}.Release|ARM.Build.0 = Release|Any CPU
		{ECB48C07-4C1E-4BB0-AE09-CD0078E8711C}.Release|ARM64.ActiveCfg = Release|Any CPU
		{ECB48C07-4C1E-4BB0-AE09-CD0078E8711C}.Release|ARM64.Build.0 = Release|Any CPU
		{ECB48C07-4C1E-4BB0-AE09-CD0078E8711C}.Release|x64.ActiveCfg = Release|Any CPU
		{ECB48C07-4C1E-4BB0-AE09-CD0078E8711C}.Release|x64.Build.0 = Release|Any CPU
		{ECB48C07-4C1E-4BB0-AE09-CD0078E8711C}.Release|x86.ActiveCfg = Release|Any CPU
		{ECB48C07-4C1E-4BB0-AE09-CD0078E8711C}.Release|x86.Build.0 = Release|Any CPU
		{82D9599A-3E9E-4747-82EC-5DDA0C5308C1}.Debug|Any CPU.ActiveCfg = Debug|Any CPU
		{82D9599A-3E9E-4747-82EC-5DDA0C5308C1}.Debug|Any CPU.Build.0 = Debug|Any CPU
		{82D9599A-3E9E-4747-82EC-5DDA0C5308C1}.Debug|ARM.ActiveCfg = Debug|Any CPU
		{82D9599A-3E9E-4747-82EC-5DDA0C5308C1}.Debug|ARM.Build.0 = Debug|Any CPU
		{82D9599A-3E9E-4747-82EC-5DDA0C5308C1}.Debug|ARM64.ActiveCfg = Debug|Any CPU
		{82D9599A-3E9E-4747-82EC-5DDA0C5308C1}.Debug|ARM64.Build.0 = Debug|Any CPU
		{82D9599A-3E9E-4747-82EC-5DDA0C5308C1}.Debug|x64.ActiveCfg = Debug|Any CPU
		{82D9599A-3E9E-4747-82EC-5DDA0C5308C1}.Debug|x64.Build.0 = Debug|Any CPU
		{82D9599A-3E9E-4747-82EC-5DDA0C5308C1}.Debug|x86.ActiveCfg = Debug|Any CPU
		{82D9599A-3E9E-4747-82EC-5DDA0C5308C1}.Debug|x86.Build.0 = Debug|Any CPU
		{82D9599A-3E9E-4747-82EC-5DDA0C5308C1}.Release|Any CPU.ActiveCfg = Release|Any CPU
		{82D9599A-3E9E-4747-82EC-5DDA0C5308C1}.Release|Any CPU.Build.0 = Release|Any CPU
		{82D9599A-3E9E-4747-82EC-5DDA0C5308C1}.Release|ARM.ActiveCfg = Release|Any CPU
		{82D9599A-3E9E-4747-82EC-5DDA0C5308C1}.Release|ARM.Build.0 = Release|Any CPU
		{82D9599A-3E9E-4747-82EC-5DDA0C5308C1}.Release|ARM64.ActiveCfg = Release|Any CPU
		{82D9599A-3E9E-4747-82EC-5DDA0C5308C1}.Release|ARM64.Build.0 = Release|Any CPU
		{82D9599A-3E9E-4747-82EC-5DDA0C5308C1}.Release|x64.ActiveCfg = Release|Any CPU
		{82D9599A-3E9E-4747-82EC-5DDA0C5308C1}.Release|x64.Build.0 = Release|Any CPU
		{82D9599A-3E9E-4747-82EC-5DDA0C5308C1}.Release|x86.ActiveCfg = Release|Any CPU
		{82D9599A-3E9E-4747-82EC-5DDA0C5308C1}.Release|x86.Build.0 = Release|Any CPU
		{1F9C93A1-C35E-40BA-B2B8-FA245B172000}.Debug|Any CPU.ActiveCfg = Debug|Any CPU
		{1F9C93A1-C35E-40BA-B2B8-FA245B172000}.Debug|Any CPU.Build.0 = Debug|Any CPU
		{1F9C93A1-C35E-40BA-B2B8-FA245B172000}.Debug|ARM.ActiveCfg = Debug|Any CPU
		{1F9C93A1-C35E-40BA-B2B8-FA245B172000}.Debug|ARM.Build.0 = Debug|Any CPU
		{1F9C93A1-C35E-40BA-B2B8-FA245B172000}.Debug|ARM64.ActiveCfg = Debug|Any CPU
		{1F9C93A1-C35E-40BA-B2B8-FA245B172000}.Debug|ARM64.Build.0 = Debug|Any CPU
		{1F9C93A1-C35E-40BA-B2B8-FA245B172000}.Debug|x64.ActiveCfg = Debug|Any CPU
		{1F9C93A1-C35E-40BA-B2B8-FA245B172000}.Debug|x64.Build.0 = Debug|Any CPU
		{1F9C93A1-C35E-40BA-B2B8-FA245B172000}.Debug|x86.ActiveCfg = Debug|Any CPU
		{1F9C93A1-C35E-40BA-B2B8-FA245B172000}.Debug|x86.Build.0 = Debug|Any CPU
		{1F9C93A1-C35E-40BA-B2B8-FA245B172000}.Release|Any CPU.ActiveCfg = Release|Any CPU
		{1F9C93A1-C35E-40BA-B2B8-FA245B172000}.Release|Any CPU.Build.0 = Release|Any CPU
		{1F9C93A1-C35E-40BA-B2B8-FA245B172000}.Release|ARM.ActiveCfg = Release|Any CPU
		{1F9C93A1-C35E-40BA-B2B8-FA245B172000}.Release|ARM.Build.0 = Release|Any CPU
		{1F9C93A1-C35E-40BA-B2B8-FA245B172000}.Release|ARM64.ActiveCfg = Release|Any CPU
		{1F9C93A1-C35E-40BA-B2B8-FA245B172000}.Release|ARM64.Build.0 = Release|Any CPU
		{1F9C93A1-C35E-40BA-B2B8-FA245B172000}.Release|x64.ActiveCfg = Release|Any CPU
		{1F9C93A1-C35E-40BA-B2B8-FA245B172000}.Release|x64.Build.0 = Release|Any CPU
		{1F9C93A1-C35E-40BA-B2B8-FA245B172000}.Release|x86.ActiveCfg = Release|Any CPU
		{1F9C93A1-C35E-40BA-B2B8-FA245B172000}.Release|x86.Build.0 = Release|Any CPU
		{B89B1EB7-B734-4081-8AF0-5C8248207DC3}.Debug|Any CPU.ActiveCfg = Debug|x64
		{B89B1EB7-B734-4081-8AF0-5C8248207DC3}.Debug|Any CPU.Build.0 = Debug|x64
		{B89B1EB7-B734-4081-8AF0-5C8248207DC3}.Debug|Any CPU.Deploy.0 = Debug|x64
		{B89B1EB7-B734-4081-8AF0-5C8248207DC3}.Debug|ARM.ActiveCfg = Debug|ARM
		{B89B1EB7-B734-4081-8AF0-5C8248207DC3}.Debug|ARM.Build.0 = Debug|ARM
		{B89B1EB7-B734-4081-8AF0-5C8248207DC3}.Debug|ARM.Deploy.0 = Debug|ARM
		{B89B1EB7-B734-4081-8AF0-5C8248207DC3}.Debug|ARM64.ActiveCfg = Debug|ARM64
		{B89B1EB7-B734-4081-8AF0-5C8248207DC3}.Debug|ARM64.Build.0 = Debug|ARM64
		{B89B1EB7-B734-4081-8AF0-5C8248207DC3}.Debug|ARM64.Deploy.0 = Debug|ARM64
		{B89B1EB7-B734-4081-8AF0-5C8248207DC3}.Debug|x64.ActiveCfg = Debug|x64
		{B89B1EB7-B734-4081-8AF0-5C8248207DC3}.Debug|x64.Build.0 = Debug|x64
		{B89B1EB7-B734-4081-8AF0-5C8248207DC3}.Debug|x64.Deploy.0 = Debug|x64
		{B89B1EB7-B734-4081-8AF0-5C8248207DC3}.Debug|x86.ActiveCfg = Debug|x86
		{B89B1EB7-B734-4081-8AF0-5C8248207DC3}.Debug|x86.Build.0 = Debug|x86
		{B89B1EB7-B734-4081-8AF0-5C8248207DC3}.Debug|x86.Deploy.0 = Debug|x86
		{B89B1EB7-B734-4081-8AF0-5C8248207DC3}.Release|Any CPU.ActiveCfg = Release|x64
		{B89B1EB7-B734-4081-8AF0-5C8248207DC3}.Release|Any CPU.Build.0 = Release|x64
		{B89B1EB7-B734-4081-8AF0-5C8248207DC3}.Release|Any CPU.Deploy.0 = Release|x64
		{B89B1EB7-B734-4081-8AF0-5C8248207DC3}.Release|ARM.ActiveCfg = Release|ARM
		{B89B1EB7-B734-4081-8AF0-5C8248207DC3}.Release|ARM.Build.0 = Release|ARM
		{B89B1EB7-B734-4081-8AF0-5C8248207DC3}.Release|ARM.Deploy.0 = Release|ARM
		{B89B1EB7-B734-4081-8AF0-5C8248207DC3}.Release|ARM64.ActiveCfg = Release|ARM64
		{B89B1EB7-B734-4081-8AF0-5C8248207DC3}.Release|ARM64.Build.0 = Release|ARM64
		{B89B1EB7-B734-4081-8AF0-5C8248207DC3}.Release|ARM64.Deploy.0 = Release|ARM64
		{B89B1EB7-B734-4081-8AF0-5C8248207DC3}.Release|x64.ActiveCfg = Release|x64
		{B89B1EB7-B734-4081-8AF0-5C8248207DC3}.Release|x64.Build.0 = Release|x64
		{B89B1EB7-B734-4081-8AF0-5C8248207DC3}.Release|x64.Deploy.0 = Release|x64
		{B89B1EB7-B734-4081-8AF0-5C8248207DC3}.Release|x86.ActiveCfg = Release|x86
		{B89B1EB7-B734-4081-8AF0-5C8248207DC3}.Release|x86.Build.0 = Release|x86
		{B89B1EB7-B734-4081-8AF0-5C8248207DC3}.Release|x86.Deploy.0 = Release|x86
		{7344711A-E5D8-41DE-BBC4-3B2B2F7479E2}.Debug|Any CPU.ActiveCfg = Debug|Any CPU
		{7344711A-E5D8-41DE-BBC4-3B2B2F7479E2}.Debug|Any CPU.Build.0 = Debug|Any CPU
		{7344711A-E5D8-41DE-BBC4-3B2B2F7479E2}.Debug|ARM.ActiveCfg = Debug|Any CPU
		{7344711A-E5D8-41DE-BBC4-3B2B2F7479E2}.Debug|ARM.Build.0 = Debug|Any CPU
		{7344711A-E5D8-41DE-BBC4-3B2B2F7479E2}.Debug|ARM64.ActiveCfg = Debug|Any CPU
		{7344711A-E5D8-41DE-BBC4-3B2B2F7479E2}.Debug|ARM64.Build.0 = Debug|Any CPU
		{7344711A-E5D8-41DE-BBC4-3B2B2F7479E2}.Debug|x64.ActiveCfg = Debug|Any CPU
		{7344711A-E5D8-41DE-BBC4-3B2B2F7479E2}.Debug|x64.Build.0 = Debug|Any CPU
		{7344711A-E5D8-41DE-BBC4-3B2B2F7479E2}.Debug|x86.ActiveCfg = Debug|Any CPU
		{7344711A-E5D8-41DE-BBC4-3B2B2F7479E2}.Debug|x86.Build.0 = Debug|Any CPU
		{7344711A-E5D8-41DE-BBC4-3B2B2F7479E2}.Release|Any CPU.ActiveCfg = Release|Any CPU
		{7344711A-E5D8-41DE-BBC4-3B2B2F7479E2}.Release|Any CPU.Build.0 = Release|Any CPU
		{7344711A-E5D8-41DE-BBC4-3B2B2F7479E2}.Release|ARM.ActiveCfg = Release|Any CPU
		{7344711A-E5D8-41DE-BBC4-3B2B2F7479E2}.Release|ARM.Build.0 = Release|Any CPU
		{7344711A-E5D8-41DE-BBC4-3B2B2F7479E2}.Release|ARM64.ActiveCfg = Release|Any CPU
		{7344711A-E5D8-41DE-BBC4-3B2B2F7479E2}.Release|ARM64.Build.0 = Release|Any CPU
		{7344711A-E5D8-41DE-BBC4-3B2B2F7479E2}.Release|x64.ActiveCfg = Release|Any CPU
		{7344711A-E5D8-41DE-BBC4-3B2B2F7479E2}.Release|x64.Build.0 = Release|Any CPU
		{7344711A-E5D8-41DE-BBC4-3B2B2F7479E2}.Release|x86.ActiveCfg = Release|Any CPU
		{7344711A-E5D8-41DE-BBC4-3B2B2F7479E2}.Release|x86.Build.0 = Release|Any CPU
		{C507590F-2F43-4EA1-9EDB-8E57F0ED2E55}.Debug|Any CPU.ActiveCfg = Debug|Any CPU
		{C507590F-2F43-4EA1-9EDB-8E57F0ED2E55}.Debug|Any CPU.Build.0 = Debug|Any CPU
		{C507590F-2F43-4EA1-9EDB-8E57F0ED2E55}.Debug|ARM.ActiveCfg = Debug|Any CPU
		{C507590F-2F43-4EA1-9EDB-8E57F0ED2E55}.Debug|ARM.Build.0 = Debug|Any CPU
		{C507590F-2F43-4EA1-9EDB-8E57F0ED2E55}.Debug|ARM64.ActiveCfg = Debug|Any CPU
		{C507590F-2F43-4EA1-9EDB-8E57F0ED2E55}.Debug|ARM64.Build.0 = Debug|Any CPU
		{C507590F-2F43-4EA1-9EDB-8E57F0ED2E55}.Debug|x64.ActiveCfg = Debug|Any CPU
		{C507590F-2F43-4EA1-9EDB-8E57F0ED2E55}.Debug|x64.Build.0 = Debug|Any CPU
		{C507590F-2F43-4EA1-9EDB-8E57F0ED2E55}.Debug|x86.ActiveCfg = Debug|Any CPU
		{C507590F-2F43-4EA1-9EDB-8E57F0ED2E55}.Debug|x86.Build.0 = Debug|Any CPU
		{C507590F-2F43-4EA1-9EDB-8E57F0ED2E55}.Release|Any CPU.ActiveCfg = Release|Any CPU
		{C507590F-2F43-4EA1-9EDB-8E57F0ED2E55}.Release|Any CPU.Build.0 = Release|Any CPU
		{C507590F-2F43-4EA1-9EDB-8E57F0ED2E55}.Release|ARM.ActiveCfg = Release|Any CPU
		{C507590F-2F43-4EA1-9EDB-8E57F0ED2E55}.Release|ARM.Build.0 = Release|Any CPU
		{C507590F-2F43-4EA1-9EDB-8E57F0ED2E55}.Release|ARM64.ActiveCfg = Release|Any CPU
		{C507590F-2F43-4EA1-9EDB-8E57F0ED2E55}.Release|ARM64.Build.0 = Release|Any CPU
		{C507590F-2F43-4EA1-9EDB-8E57F0ED2E55}.Release|x64.ActiveCfg = Release|Any CPU
		{C507590F-2F43-4EA1-9EDB-8E57F0ED2E55}.Release|x64.Build.0 = Release|Any CPU
		{C507590F-2F43-4EA1-9EDB-8E57F0ED2E55}.Release|x86.ActiveCfg = Release|Any CPU
		{C507590F-2F43-4EA1-9EDB-8E57F0ED2E55}.Release|x86.Build.0 = Release|Any CPU
		{418A5EBA-6AED-44DD-82BC-74A98D931C49}.Debug|Any CPU.ActiveCfg = Debug|Any CPU
		{418A5EBA-6AED-44DD-82BC-74A98D931C49}.Debug|Any CPU.Build.0 = Debug|Any CPU
		{418A5EBA-6AED-44DD-82BC-74A98D931C49}.Debug|ARM.ActiveCfg = Debug|Any CPU
		{418A5EBA-6AED-44DD-82BC-74A98D931C49}.Debug|ARM.Build.0 = Debug|Any CPU
		{418A5EBA-6AED-44DD-82BC-74A98D931C49}.Debug|ARM64.ActiveCfg = Debug|Any CPU
		{418A5EBA-6AED-44DD-82BC-74A98D931C49}.Debug|ARM64.Build.0 = Debug|Any CPU
		{418A5EBA-6AED-44DD-82BC-74A98D931C49}.Debug|x64.ActiveCfg = Debug|Any CPU
		{418A5EBA-6AED-44DD-82BC-74A98D931C49}.Debug|x64.Build.0 = Debug|Any CPU
		{418A5EBA-6AED-44DD-82BC-74A98D931C49}.Debug|x86.ActiveCfg = Debug|Any CPU
		{418A5EBA-6AED-44DD-82BC-74A98D931C49}.Debug|x86.Build.0 = Debug|Any CPU
		{418A5EBA-6AED-44DD-82BC-74A98D931C49}.Release|Any CPU.ActiveCfg = Release|Any CPU
		{418A5EBA-6AED-44DD-82BC-74A98D931C49}.Release|Any CPU.Build.0 = Release|Any CPU
		{418A5EBA-6AED-44DD-82BC-74A98D931C49}.Release|ARM.ActiveCfg = Release|Any CPU
		{418A5EBA-6AED-44DD-82BC-74A98D931C49}.Release|ARM.Build.0 = Release|Any CPU
		{418A5EBA-6AED-44DD-82BC-74A98D931C49}.Release|ARM64.ActiveCfg = Release|Any CPU
		{418A5EBA-6AED-44DD-82BC-74A98D931C49}.Release|ARM64.Build.0 = Release|Any CPU
		{418A5EBA-6AED-44DD-82BC-74A98D931C49}.Release|x64.ActiveCfg = Release|Any CPU
		{418A5EBA-6AED-44DD-82BC-74A98D931C49}.Release|x64.Build.0 = Release|Any CPU
		{418A5EBA-6AED-44DD-82BC-74A98D931C49}.Release|x86.ActiveCfg = Release|Any CPU
		{418A5EBA-6AED-44DD-82BC-74A98D931C49}.Release|x86.Build.0 = Release|Any CPU
		{9BBF9F1D-3A9A-4149-9AF4-3067BC6F597D}.Debug|Any CPU.ActiveCfg = Debug|Any CPU
		{9BBF9F1D-3A9A-4149-9AF4-3067BC6F597D}.Debug|Any CPU.Build.0 = Debug|Any CPU
		{9BBF9F1D-3A9A-4149-9AF4-3067BC6F597D}.Debug|ARM.ActiveCfg = Debug|Any CPU
		{9BBF9F1D-3A9A-4149-9AF4-3067BC6F597D}.Debug|ARM.Build.0 = Debug|Any CPU
		{9BBF9F1D-3A9A-4149-9AF4-3067BC6F597D}.Debug|ARM64.ActiveCfg = Debug|Any CPU
		{9BBF9F1D-3A9A-4149-9AF4-3067BC6F597D}.Debug|ARM64.Build.0 = Debug|Any CPU
		{9BBF9F1D-3A9A-4149-9AF4-3067BC6F597D}.Debug|x64.ActiveCfg = Debug|Any CPU
		{9BBF9F1D-3A9A-4149-9AF4-3067BC6F597D}.Debug|x64.Build.0 = Debug|Any CPU
		{9BBF9F1D-3A9A-4149-9AF4-3067BC6F597D}.Debug|x86.ActiveCfg = Debug|Any CPU
		{9BBF9F1D-3A9A-4149-9AF4-3067BC6F597D}.Debug|x86.Build.0 = Debug|Any CPU
		{9BBF9F1D-3A9A-4149-9AF4-3067BC6F597D}.Release|Any CPU.ActiveCfg = Release|Any CPU
		{9BBF9F1D-3A9A-4149-9AF4-3067BC6F597D}.Release|Any CPU.Build.0 = Release|Any CPU
		{9BBF9F1D-3A9A-4149-9AF4-3067BC6F597D}.Release|ARM.ActiveCfg = Release|Any CPU
		{9BBF9F1D-3A9A-4149-9AF4-3067BC6F597D}.Release|ARM.Build.0 = Release|Any CPU
		{9BBF9F1D-3A9A-4149-9AF4-3067BC6F597D}.Release|ARM64.ActiveCfg = Release|Any CPU
		{9BBF9F1D-3A9A-4149-9AF4-3067BC6F597D}.Release|ARM64.Build.0 = Release|Any CPU
		{9BBF9F1D-3A9A-4149-9AF4-3067BC6F597D}.Release|x64.ActiveCfg = Release|Any CPU
		{9BBF9F1D-3A9A-4149-9AF4-3067BC6F597D}.Release|x64.Build.0 = Release|Any CPU
		{9BBF9F1D-3A9A-4149-9AF4-3067BC6F597D}.Release|x86.ActiveCfg = Release|Any CPU
		{9BBF9F1D-3A9A-4149-9AF4-3067BC6F597D}.Release|x86.Build.0 = Release|Any CPU
		{513411DD-1D87-48C1-A129-FA36BD8BC676}.Debug|Any CPU.ActiveCfg = Debug|Any CPU
		{513411DD-1D87-48C1-A129-FA36BD8BC676}.Debug|Any CPU.Build.0 = Debug|Any CPU
		{513411DD-1D87-48C1-A129-FA36BD8BC676}.Debug|ARM.ActiveCfg = Debug|Any CPU
		{513411DD-1D87-48C1-A129-FA36BD8BC676}.Debug|ARM.Build.0 = Debug|Any CPU
		{513411DD-1D87-48C1-A129-FA36BD8BC676}.Debug|ARM64.ActiveCfg = Debug|Any CPU
		{513411DD-1D87-48C1-A129-FA36BD8BC676}.Debug|ARM64.Build.0 = Debug|Any CPU
		{513411DD-1D87-48C1-A129-FA36BD8BC676}.Debug|x64.ActiveCfg = Debug|Any CPU
		{513411DD-1D87-48C1-A129-FA36BD8BC676}.Debug|x64.Build.0 = Debug|Any CPU
		{513411DD-1D87-48C1-A129-FA36BD8BC676}.Debug|x86.ActiveCfg = Debug|Any CPU
		{513411DD-1D87-48C1-A129-FA36BD8BC676}.Debug|x86.Build.0 = Debug|Any CPU
		{513411DD-1D87-48C1-A129-FA36BD8BC676}.Release|Any CPU.ActiveCfg = Release|Any CPU
		{513411DD-1D87-48C1-A129-FA36BD8BC676}.Release|Any CPU.Build.0 = Release|Any CPU
		{513411DD-1D87-48C1-A129-FA36BD8BC676}.Release|ARM.ActiveCfg = Release|Any CPU
		{513411DD-1D87-48C1-A129-FA36BD8BC676}.Release|ARM.Build.0 = Release|Any CPU
		{513411DD-1D87-48C1-A129-FA36BD8BC676}.Release|ARM64.ActiveCfg = Release|Any CPU
		{513411DD-1D87-48C1-A129-FA36BD8BC676}.Release|ARM64.Build.0 = Release|Any CPU
		{513411DD-1D87-48C1-A129-FA36BD8BC676}.Release|x64.ActiveCfg = Release|Any CPU
		{513411DD-1D87-48C1-A129-FA36BD8BC676}.Release|x64.Build.0 = Release|Any CPU
		{513411DD-1D87-48C1-A129-FA36BD8BC676}.Release|x86.ActiveCfg = Release|Any CPU
		{513411DD-1D87-48C1-A129-FA36BD8BC676}.Release|x86.Build.0 = Release|Any CPU
		{9778FC9C-4DA1-4398-8226-B9C602BEB2C0}.Debug|Any CPU.ActiveCfg = Debug|Any CPU
		{9778FC9C-4DA1-4398-8226-B9C602BEB2C0}.Debug|Any CPU.Build.0 = Debug|Any CPU
		{9778FC9C-4DA1-4398-8226-B9C602BEB2C0}.Debug|ARM.ActiveCfg = Debug|Any CPU
		{9778FC9C-4DA1-4398-8226-B9C602BEB2C0}.Debug|ARM.Build.0 = Debug|Any CPU
		{9778FC9C-4DA1-4398-8226-B9C602BEB2C0}.Debug|ARM64.ActiveCfg = Debug|Any CPU
		{9778FC9C-4DA1-4398-8226-B9C602BEB2C0}.Debug|ARM64.Build.0 = Debug|Any CPU
		{9778FC9C-4DA1-4398-8226-B9C602BEB2C0}.Debug|x64.ActiveCfg = Debug|Any CPU
		{9778FC9C-4DA1-4398-8226-B9C602BEB2C0}.Debug|x64.Build.0 = Debug|Any CPU
		{9778FC9C-4DA1-4398-8226-B9C602BEB2C0}.Debug|x86.ActiveCfg = Debug|Any CPU
		{9778FC9C-4DA1-4398-8226-B9C602BEB2C0}.Debug|x86.Build.0 = Debug|Any CPU
		{9778FC9C-4DA1-4398-8226-B9C602BEB2C0}.Release|Any CPU.ActiveCfg = Release|Any CPU
		{9778FC9C-4DA1-4398-8226-B9C602BEB2C0}.Release|Any CPU.Build.0 = Release|Any CPU
		{9778FC9C-4DA1-4398-8226-B9C602BEB2C0}.Release|ARM.ActiveCfg = Release|Any CPU
		{9778FC9C-4DA1-4398-8226-B9C602BEB2C0}.Release|ARM.Build.0 = Release|Any CPU
		{9778FC9C-4DA1-4398-8226-B9C602BEB2C0}.Release|ARM64.ActiveCfg = Release|Any CPU
		{9778FC9C-4DA1-4398-8226-B9C602BEB2C0}.Release|ARM64.Build.0 = Release|Any CPU
		{9778FC9C-4DA1-4398-8226-B9C602BEB2C0}.Release|x64.ActiveCfg = Release|Any CPU
		{9778FC9C-4DA1-4398-8226-B9C602BEB2C0}.Release|x64.Build.0 = Release|Any CPU
		{9778FC9C-4DA1-4398-8226-B9C602BEB2C0}.Release|x86.ActiveCfg = Release|Any CPU
		{9778FC9C-4DA1-4398-8226-B9C602BEB2C0}.Release|x86.Build.0 = Release|Any CPU
		{EEE12C74-D77F-44E4-9AE0-445307D47ED7}.Debug|Any CPU.ActiveCfg = Debug|Any CPU
		{EEE12C74-D77F-44E4-9AE0-445307D47ED7}.Debug|Any CPU.Build.0 = Debug|Any CPU
		{EEE12C74-D77F-44E4-9AE0-445307D47ED7}.Debug|ARM.ActiveCfg = Debug|Any CPU
		{EEE12C74-D77F-44E4-9AE0-445307D47ED7}.Debug|ARM.Build.0 = Debug|Any CPU
		{EEE12C74-D77F-44E4-9AE0-445307D47ED7}.Debug|ARM64.ActiveCfg = Debug|Any CPU
		{EEE12C74-D77F-44E4-9AE0-445307D47ED7}.Debug|ARM64.Build.0 = Debug|Any CPU
		{EEE12C74-D77F-44E4-9AE0-445307D47ED7}.Debug|x64.ActiveCfg = Debug|Any CPU
		{EEE12C74-D77F-44E4-9AE0-445307D47ED7}.Debug|x64.Build.0 = Debug|Any CPU
		{EEE12C74-D77F-44E4-9AE0-445307D47ED7}.Debug|x86.ActiveCfg = Debug|Any CPU
		{EEE12C74-D77F-44E4-9AE0-445307D47ED7}.Debug|x86.Build.0 = Debug|Any CPU
		{EEE12C74-D77F-44E4-9AE0-445307D47ED7}.Release|Any CPU.ActiveCfg = Release|Any CPU
		{EEE12C74-D77F-44E4-9AE0-445307D47ED7}.Release|Any CPU.Build.0 = Release|Any CPU
		{EEE12C74-D77F-44E4-9AE0-445307D47ED7}.Release|ARM.ActiveCfg = Release|Any CPU
		{EEE12C74-D77F-44E4-9AE0-445307D47ED7}.Release|ARM.Build.0 = Release|Any CPU
		{EEE12C74-D77F-44E4-9AE0-445307D47ED7}.Release|ARM64.ActiveCfg = Release|Any CPU
		{EEE12C74-D77F-44E4-9AE0-445307D47ED7}.Release|ARM64.Build.0 = Release|Any CPU
		{EEE12C74-D77F-44E4-9AE0-445307D47ED7}.Release|x64.ActiveCfg = Release|Any CPU
		{EEE12C74-D77F-44E4-9AE0-445307D47ED7}.Release|x64.Build.0 = Release|Any CPU
		{EEE12C74-D77F-44E4-9AE0-445307D47ED7}.Release|x86.ActiveCfg = Release|Any CPU
		{EEE12C74-D77F-44E4-9AE0-445307D47ED7}.Release|x86.Build.0 = Release|Any CPU
		{3F2DC12E-F93F-41FE-90CA-722F1A1E4BEB}.Debug|Any CPU.ActiveCfg = Debug|Any CPU
		{3F2DC12E-F93F-41FE-90CA-722F1A1E4BEB}.Debug|Any CPU.Build.0 = Debug|Any CPU
		{3F2DC12E-F93F-41FE-90CA-722F1A1E4BEB}.Debug|ARM.ActiveCfg = Debug|Any CPU
		{3F2DC12E-F93F-41FE-90CA-722F1A1E4BEB}.Debug|ARM.Build.0 = Debug|Any CPU
		{3F2DC12E-F93F-41FE-90CA-722F1A1E4BEB}.Debug|ARM64.ActiveCfg = Debug|Any CPU
		{3F2DC12E-F93F-41FE-90CA-722F1A1E4BEB}.Debug|ARM64.Build.0 = Debug|Any CPU
		{3F2DC12E-F93F-41FE-90CA-722F1A1E4BEB}.Debug|x64.ActiveCfg = Debug|Any CPU
		{3F2DC12E-F93F-41FE-90CA-722F1A1E4BEB}.Debug|x64.Build.0 = Debug|Any CPU
		{3F2DC12E-F93F-41FE-90CA-722F1A1E4BEB}.Debug|x86.ActiveCfg = Debug|Any CPU
		{3F2DC12E-F93F-41FE-90CA-722F1A1E4BEB}.Debug|x86.Build.0 = Debug|Any CPU
		{3F2DC12E-F93F-41FE-90CA-722F1A1E4BEB}.Release|Any CPU.ActiveCfg = Release|Any CPU
		{3F2DC12E-F93F-41FE-90CA-722F1A1E4BEB}.Release|Any CPU.Build.0 = Release|Any CPU
		{3F2DC12E-F93F-41FE-90CA-722F1A1E4BEB}.Release|ARM.ActiveCfg = Release|Any CPU
		{3F2DC12E-F93F-41FE-90CA-722F1A1E4BEB}.Release|ARM.Build.0 = Release|Any CPU
		{3F2DC12E-F93F-41FE-90CA-722F1A1E4BEB}.Release|ARM64.ActiveCfg = Release|Any CPU
		{3F2DC12E-F93F-41FE-90CA-722F1A1E4BEB}.Release|ARM64.Build.0 = Release|Any CPU
		{3F2DC12E-F93F-41FE-90CA-722F1A1E4BEB}.Release|x64.ActiveCfg = Release|Any CPU
		{3F2DC12E-F93F-41FE-90CA-722F1A1E4BEB}.Release|x64.Build.0 = Release|Any CPU
		{3F2DC12E-F93F-41FE-90CA-722F1A1E4BEB}.Release|x86.ActiveCfg = Release|Any CPU
		{3F2DC12E-F93F-41FE-90CA-722F1A1E4BEB}.Release|x86.Build.0 = Release|Any CPU
		{A190245C-68DE-4E20-8974-74D107D38B0B}.Debug|Any CPU.ActiveCfg = Debug|iPhoneSimulator
		{A190245C-68DE-4E20-8974-74D107D38B0B}.Debug|Any CPU.Build.0 = Debug|iPhoneSimulator
		{A190245C-68DE-4E20-8974-74D107D38B0B}.Debug|ARM.ActiveCfg = Debug|iPhoneSimulator
		{A190245C-68DE-4E20-8974-74D107D38B0B}.Debug|ARM.Build.0 = Debug|iPhoneSimulator
		{A190245C-68DE-4E20-8974-74D107D38B0B}.Debug|ARM64.ActiveCfg = Debug|iPhoneSimulator
		{A190245C-68DE-4E20-8974-74D107D38B0B}.Debug|ARM64.Build.0 = Debug|iPhoneSimulator
		{A190245C-68DE-4E20-8974-74D107D38B0B}.Debug|x64.ActiveCfg = Debug|iPhoneSimulator
		{A190245C-68DE-4E20-8974-74D107D38B0B}.Debug|x64.Build.0 = Debug|iPhoneSimulator
		{A190245C-68DE-4E20-8974-74D107D38B0B}.Debug|x86.ActiveCfg = Debug|iPhoneSimulator
		{A190245C-68DE-4E20-8974-74D107D38B0B}.Debug|x86.Build.0 = Debug|iPhoneSimulator
		{A190245C-68DE-4E20-8974-74D107D38B0B}.Release|Any CPU.ActiveCfg = Release|iPhoneSimulator
		{A190245C-68DE-4E20-8974-74D107D38B0B}.Release|Any CPU.Build.0 = Release|iPhoneSimulator
		{A190245C-68DE-4E20-8974-74D107D38B0B}.Release|ARM.ActiveCfg = Release|iPhoneSimulator
		{A190245C-68DE-4E20-8974-74D107D38B0B}.Release|ARM.Build.0 = Release|iPhoneSimulator
		{A190245C-68DE-4E20-8974-74D107D38B0B}.Release|ARM64.ActiveCfg = Release|iPhoneSimulator
		{A190245C-68DE-4E20-8974-74D107D38B0B}.Release|ARM64.Build.0 = Release|iPhoneSimulator
		{A190245C-68DE-4E20-8974-74D107D38B0B}.Release|x64.ActiveCfg = Release|iPhoneSimulator
		{A190245C-68DE-4E20-8974-74D107D38B0B}.Release|x64.Build.0 = Release|iPhoneSimulator
		{A190245C-68DE-4E20-8974-74D107D38B0B}.Release|x86.ActiveCfg = Release|iPhoneSimulator
		{A190245C-68DE-4E20-8974-74D107D38B0B}.Release|x86.Build.0 = Release|iPhoneSimulator
		{A79647BA-FDC0-4BF8-A38D-B81EC4D11234}.Debug|Any CPU.ActiveCfg = Debug|Any CPU
		{A79647BA-FDC0-4BF8-A38D-B81EC4D11234}.Debug|Any CPU.Build.0 = Debug|Any CPU
		{A79647BA-FDC0-4BF8-A38D-B81EC4D11234}.Debug|ARM.ActiveCfg = Debug|Any CPU
		{A79647BA-FDC0-4BF8-A38D-B81EC4D11234}.Debug|ARM.Build.0 = Debug|Any CPU
		{A79647BA-FDC0-4BF8-A38D-B81EC4D11234}.Debug|ARM64.ActiveCfg = Debug|Any CPU
		{A79647BA-FDC0-4BF8-A38D-B81EC4D11234}.Debug|ARM64.Build.0 = Debug|Any CPU
		{A79647BA-FDC0-4BF8-A38D-B81EC4D11234}.Debug|x64.ActiveCfg = Debug|Any CPU
		{A79647BA-FDC0-4BF8-A38D-B81EC4D11234}.Debug|x64.Build.0 = Debug|Any CPU
		{A79647BA-FDC0-4BF8-A38D-B81EC4D11234}.Debug|x86.ActiveCfg = Debug|Any CPU
		{A79647BA-FDC0-4BF8-A38D-B81EC4D11234}.Debug|x86.Build.0 = Debug|Any CPU
		{A79647BA-FDC0-4BF8-A38D-B81EC4D11234}.Release|Any CPU.ActiveCfg = Release|Any CPU
		{A79647BA-FDC0-4BF8-A38D-B81EC4D11234}.Release|Any CPU.Build.0 = Release|Any CPU
		{A79647BA-FDC0-4BF8-A38D-B81EC4D11234}.Release|ARM.ActiveCfg = Release|Any CPU
		{A79647BA-FDC0-4BF8-A38D-B81EC4D11234}.Release|ARM.Build.0 = Release|Any CPU
		{A79647BA-FDC0-4BF8-A38D-B81EC4D11234}.Release|ARM64.ActiveCfg = Release|Any CPU
		{A79647BA-FDC0-4BF8-A38D-B81EC4D11234}.Release|ARM64.Build.0 = Release|Any CPU
		{A79647BA-FDC0-4BF8-A38D-B81EC4D11234}.Release|x64.ActiveCfg = Release|Any CPU
		{A79647BA-FDC0-4BF8-A38D-B81EC4D11234}.Release|x64.Build.0 = Release|Any CPU
		{A79647BA-FDC0-4BF8-A38D-B81EC4D11234}.Release|x86.ActiveCfg = Release|Any CPU
		{A79647BA-FDC0-4BF8-A38D-B81EC4D11234}.Release|x86.Build.0 = Release|Any CPU
		{9747EAF3-ED40-4551-8C2F-5A8566F5627C}.Debug|Any CPU.ActiveCfg = Debug|Any CPU
		{9747EAF3-ED40-4551-8C2F-5A8566F5627C}.Debug|Any CPU.Build.0 = Debug|Any CPU
		{9747EAF3-ED40-4551-8C2F-5A8566F5627C}.Debug|ARM.ActiveCfg = Debug|Any CPU
		{9747EAF3-ED40-4551-8C2F-5A8566F5627C}.Debug|ARM.Build.0 = Debug|Any CPU
		{9747EAF3-ED40-4551-8C2F-5A8566F5627C}.Debug|ARM64.ActiveCfg = Debug|Any CPU
		{9747EAF3-ED40-4551-8C2F-5A8566F5627C}.Debug|ARM64.Build.0 = Debug|Any CPU
		{9747EAF3-ED40-4551-8C2F-5A8566F5627C}.Debug|x64.ActiveCfg = Debug|Any CPU
		{9747EAF3-ED40-4551-8C2F-5A8566F5627C}.Debug|x64.Build.0 = Debug|Any CPU
		{9747EAF3-ED40-4551-8C2F-5A8566F5627C}.Debug|x86.ActiveCfg = Debug|Any CPU
		{9747EAF3-ED40-4551-8C2F-5A8566F5627C}.Debug|x86.Build.0 = Debug|Any CPU
		{9747EAF3-ED40-4551-8C2F-5A8566F5627C}.Release|Any CPU.ActiveCfg = Release|Any CPU
		{9747EAF3-ED40-4551-8C2F-5A8566F5627C}.Release|Any CPU.Build.0 = Release|Any CPU
		{9747EAF3-ED40-4551-8C2F-5A8566F5627C}.Release|ARM.ActiveCfg = Release|Any CPU
		{9747EAF3-ED40-4551-8C2F-5A8566F5627C}.Release|ARM.Build.0 = Release|Any CPU
		{9747EAF3-ED40-4551-8C2F-5A8566F5627C}.Release|ARM64.ActiveCfg = Release|Any CPU
		{9747EAF3-ED40-4551-8C2F-5A8566F5627C}.Release|ARM64.Build.0 = Release|Any CPU
		{9747EAF3-ED40-4551-8C2F-5A8566F5627C}.Release|x64.ActiveCfg = Release|Any CPU
		{9747EAF3-ED40-4551-8C2F-5A8566F5627C}.Release|x64.Build.0 = Release|Any CPU
		{9747EAF3-ED40-4551-8C2F-5A8566F5627C}.Release|x86.ActiveCfg = Release|Any CPU
		{9747EAF3-ED40-4551-8C2F-5A8566F5627C}.Release|x86.Build.0 = Release|Any CPU
		{919BA29E-324A-415A-B946-10EDD06E725F}.Debug|Any CPU.ActiveCfg = Debug|Any CPU
		{919BA29E-324A-415A-B946-10EDD06E725F}.Debug|Any CPU.Build.0 = Debug|Any CPU
		{919BA29E-324A-415A-B946-10EDD06E725F}.Debug|ARM.ActiveCfg = Debug|Any CPU
		{919BA29E-324A-415A-B946-10EDD06E725F}.Debug|ARM.Build.0 = Debug|Any CPU
		{919BA29E-324A-415A-B946-10EDD06E725F}.Debug|ARM64.ActiveCfg = Debug|Any CPU
		{919BA29E-324A-415A-B946-10EDD06E725F}.Debug|ARM64.Build.0 = Debug|Any CPU
		{919BA29E-324A-415A-B946-10EDD06E725F}.Debug|x64.ActiveCfg = Debug|Any CPU
		{919BA29E-324A-415A-B946-10EDD06E725F}.Debug|x64.Build.0 = Debug|Any CPU
		{919BA29E-324A-415A-B946-10EDD06E725F}.Debug|x86.ActiveCfg = Debug|Any CPU
		{919BA29E-324A-415A-B946-10EDD06E725F}.Debug|x86.Build.0 = Debug|Any CPU
		{919BA29E-324A-415A-B946-10EDD06E725F}.Release|Any CPU.ActiveCfg = Release|Any CPU
		{919BA29E-324A-415A-B946-10EDD06E725F}.Release|Any CPU.Build.0 = Release|Any CPU
		{919BA29E-324A-415A-B946-10EDD06E725F}.Release|ARM.ActiveCfg = Release|Any CPU
		{919BA29E-324A-415A-B946-10EDD06E725F}.Release|ARM.Build.0 = Release|Any CPU
		{919BA29E-324A-415A-B946-10EDD06E725F}.Release|ARM64.ActiveCfg = Release|Any CPU
		{919BA29E-324A-415A-B946-10EDD06E725F}.Release|ARM64.Build.0 = Release|Any CPU
		{919BA29E-324A-415A-B946-10EDD06E725F}.Release|x64.ActiveCfg = Release|Any CPU
		{919BA29E-324A-415A-B946-10EDD06E725F}.Release|x64.Build.0 = Release|Any CPU
		{919BA29E-324A-415A-B946-10EDD06E725F}.Release|x86.ActiveCfg = Release|Any CPU
		{919BA29E-324A-415A-B946-10EDD06E725F}.Release|x86.Build.0 = Release|Any CPU
	EndGlobalSection
	GlobalSection(SolutionProperties) = preSolution
		HideSolutionNode = FALSE
	EndGlobalSection
	GlobalSection(NestedProjects) = preSolution
		{B6E38B43-0816-4802-8DEC-8C22DC54EB88} = {E123B9A2-84AA-4D84-9CF9-3F93ECE42FCB}
		{E95B386A-78FA-4B00-BA8E-77C54DE5F318} = {4118A9E0-E66B-4E31-AE09-62B61F713F4A}
		{4B908AA7-8644-42DC-988E-36896E5FAB07} = {639CC497-621B-428A-BE47-76D4D3AEB1A0}
		{D3E7354B-A1DF-45F5-88AF-0214F404A73F} = {DA97E3A6-B757-44FB-B9B4-DECE12F2696C}
		{ECB48C07-4C1E-4BB0-AE09-CD0078E8711C} = {DA97E3A6-B757-44FB-B9B4-DECE12F2696C}
		{82D9599A-3E9E-4747-82EC-5DDA0C5308C1} = {DA97E3A6-B757-44FB-B9B4-DECE12F2696C}
		{1F9C93A1-C35E-40BA-B2B8-FA245B172000} = {DA97E3A6-B757-44FB-B9B4-DECE12F2696C}
		{B89B1EB7-B734-4081-8AF0-5C8248207DC3} = {DA97E3A6-B757-44FB-B9B4-DECE12F2696C}
		{7344711A-E5D8-41DE-BBC4-3B2B2F7479E2} = {639CC497-621B-428A-BE47-76D4D3AEB1A0}
		{C507590F-2F43-4EA1-9EDB-8E57F0ED2E55} = {639CC497-621B-428A-BE47-76D4D3AEB1A0}
		{418A5EBA-6AED-44DD-82BC-74A98D931C49} = {E123B9A2-84AA-4D84-9CF9-3F93ECE42FCB}
		{9BBF9F1D-3A9A-4149-9AF4-3067BC6F597D} = {E123B9A2-84AA-4D84-9CF9-3F93ECE42FCB}
		{513411DD-1D87-48C1-A129-FA36BD8BC676} = {E123B9A2-84AA-4D84-9CF9-3F93ECE42FCB}
		{9778FC9C-4DA1-4398-8226-B9C602BEB2C0} = {E123B9A2-84AA-4D84-9CF9-3F93ECE42FCB}
		{EEE12C74-D77F-44E4-9AE0-445307D47ED7} = {E9164E03-D333-4612-8476-E4F1F94D9D8E}
		{3F2DC12E-F93F-41FE-90CA-722F1A1E4BEB} = {E9164E03-D333-4612-8476-E4F1F94D9D8E}
		{A190245C-68DE-4E20-8974-74D107D38B0B} = {E9164E03-D333-4612-8476-E4F1F94D9D8E}
		{A79647BA-FDC0-4BF8-A38D-B81EC4D11234} = {E9164E03-D333-4612-8476-E4F1F94D9D8E}
		{919BA29E-324A-415A-B946-10EDD06E725F} = {4118A9E0-E66B-4E31-AE09-62B61F713F4A}
	EndGlobalSection
	GlobalSection(ExtensibilityGlobals) = postSolution
		SolutionGuid = {C65DFB30-3E8D-4B33-B964-6819C69EA456}
	EndGlobalSection
EndGlobal
